
Microsoft Visual Studio Solution File, Format Version 12.00
# Visual Studio Version 17
VisualStudioVersion = 17.13.35919.96
MinimumVisualStudioVersion = 10.0.40219.1
Project("{FAE04EC0-301F-11D3-BF4B-00C04F79EFBC}") = "Motor_transport_company", "Motor_transport_company\Motor_transport_company.csproj", "{D99EA508-069F-4437-A90E-D69E06E311F4}"
EndProject
Global
	GlobalSection(SolutionConfigurationPlatforms) = preSolution
		Debug|Any CPU = Debug|Any CPU
		Debug|x86 = Debug|x86
		Release|Any CPU = Release|Any CPU
		Release|x86 = Release|x86
	EndGlobalSection
	GlobalSection(ProjectConfigurationPlatforms) = postSolution
		{D99EA508-069F-4437-A90E-D69E06E311F4}.Debug|Any CPU.ActiveCfg = Debug|Any CPU
		{D99EA508-069F-4437-A90E-D69E06E311F4}.Debug|Any CPU.Build.0 = Debug|Any CPU
		{D99EA508-069F-4437-A90E-D69E06E311F4}.Debug|x86.ActiveCfg = Debug|Any CPU
		{D99EA508-069F-4437-A90E-D69E06E311F4}.Debug|x86.Build.0 = Debug|Any CPU
		{D99EA508-069F-4437-A90E-D69E06E311F4}.Release|Any CPU.ActiveCfg = Release|Any CPU
		{D99EA508-069F-4437-A90E-D69E06E311F4}.Release|Any CPU.Build.0 = Release|Any CPU
		{D99EA508-069F-4437-A90E-D69E06E311F4}.Release|x86.ActiveCfg = Release|Any CPU
		{D99EA508-069F-4437-A90E-D69E06E311F4}.Release|x86.Build.0 = Release|Any CPU
	EndGlobalSection
	GlobalSection(SolutionProperties) = preSolution
		HideSolutionNode = FALSE
	EndGlobalSection
	GlobalSection(ExtensibilityGlobals) = postSolution
		SolutionGuid = {BB5C9827-9A16-42F7-8EED-918FDEDD28DE}
	EndGlobalSection
EndGlobal
